Microsoft Visual Studio Solution File, Format Version 12.00
# Visual Studio Version 17
VisualStudioVersion = 17.5.2.0
MinimumVisualStudioVersion = 10.0.40219.1
Project("{FAE04EC0-301F-11D3-BF4B-00C04F79EFBC}") = "NetSentinel", "NetSentinel.csproj", "{207949BD-6041-F3CF-7C2A-826A69D8172E}"
EndProject
Global
	GlobalSection(SolutionConfigurationPlatforms) = preSolution
		Debug|Any CPU = Debug|Any CPU
		Release|Any CPU = Release|Any CPU
	EndGlobalSection
	GlobalSection(ProjectConfigurationPlatforms) = postSolution
		{207949BD-6041-F3CF-7C2A-826A69D8172E}.Debug|Any CPU.ActiveCfg = Debug|Any CPU
		{207949BD-6041-F3CF-7C2A-826A69D8172E}.Debug|Any CPU.Build.0 = Debug|Any CPU
		{207949BD-6041-F3CF-7C2A-826A69D8172E}.Release|Any CPU.ActiveCfg = Release|Any CPU
		{207949BD-6041-F3CF-7C2A-826A69D8172E}.Release|Any CPU.Build.0 = Release|Any CPU
	EndGlobalSection
	GlobalSection(SolutionProperties) = preSolution
		HideSolutionNode = FALSE
	EndGlobalSection
	GlobalSection(ExtensibilityGlobals) = postSolution
		SolutionGuid = {E5E1C8A1-2C28-4C86-9EC7-F44ABD2C03A1}
	EndGlobalSection
EndGlobal
